
Microsoft Visual Studio Solution File, Format Version 12.00
# Visual Studio Version 17
VisualStudioVersion = 17.14.36623.8
MinimumVisualStudioVersion = 10.0.40219.1
Project("{FAE04EC0-301F-11D3-BF4B-00C04F79EFBC}") = "eweb.Domain", "eweb.Domain\eweb.Domain.csproj", "{D0182C99-C331-4D89-9F06-DC2961204E79}"
EndProject
Project("{FAE04EC0-301F-11D3-BF4B-00C04F79EFBC}") = "eweb.Infrastructure", "eweb.Infrastructure\eweb.Infrastructure.csproj", "{59675354-2D5B-4749-8AFB-08B7422217FE}"
EndProject
Project("{FAE04EC0-301F-11D3-BF4B-00C04F79EFBC}") = "eweb.Web", "eweb.Web\eweb.Web.csproj", "{AF4E18A2-4628-449E-835B-03B511252D32}"
EndProject
Global
	GlobalSection(SolutionConfigurationPlatforms) = preSolution
		Debug|Any CPU = Debug|Any CPU
		Release|Any CPU = Release|Any CPU
	EndGlobalSection
	GlobalSection(ProjectConfigurationPlatforms) = postSolution
		{D0182C99-C331-4D89-9F06-DC2961204E79}.Debug|Any CPU.ActiveCfg = Debug|Any CPU
		{D0182C99-C331-4D89-9F06-DC2961204E79}.Debug|Any CPU.Build.0 = Debug|Any CPU
		{D0182C99-C331-4D89-9F06-DC2961204E79}.Release|Any CPU.ActiveCfg = Release|Any CPU
		{D0182C99-C331-4D89-9F06-DC2961204E79}.Release|Any CPU.Build.0 = Release|Any CPU
		{59675354-2D5B-4749-8AFB-08B7422217FE}.Debug|Any CPU.ActiveCfg = Debug|Any CPU
		{59675354-2D5B-4749-8AFB-08B7422217FE}.Debug|Any CPU.Build.0 = Debug|Any CPU
		{59675354-2D5B-4749-8AFB-08B7422217FE}.Release|Any CPU.ActiveCfg = Release|Any CPU
		{59675354-2D5B-4749-8AFB-08B7422217FE}.Release|Any CPU.Build.0 = Release|Any CPU
		{AF4E18A2-4628-449E-835B-03B511252D32}.Debug|Any CPU.ActiveCfg = Debug|Any CPU
		{AF4E18A2-4628-449E-835B-03B511252D32}.Debug|Any CPU.Build.0 = Debug|Any CPU
		{AF4E18A2-4628-449E-835B-03B511252D32}.Release|Any CPU.ActiveCfg = Release|Any CPU
		{AF4E18A2-4628-449E-835B-03B511252D32}.Release|Any CPU.Build.0 = Release|Any CPU
	EndGlobalSection
	GlobalSection(SolutionProperties) = preSolution
		HideSolutionNode = FALSE
	EndGlobalSection
	GlobalSection(ExtensibilityGlobals) = postSolution
		SolutionGuid = {206D5262-AFD5-437B-97E6-F1C8A1E735DC}
	EndGlobalSection
EndGlobal
